
Microsoft Visual Studio Solution File, Format Version 12.00
# Visual Studio Version 16
VisualStudioVersion = 16.0.30413.136
MinimumVisualStudioVersion = 10.0.40219.1
Project("{FAE04EC0-301F-11D3-BF4B-00C04F79EFBC}") = "3_lab_object_and_class", "3_lab_object_and_class\3_lab_object_and_class.csproj", "{EE204038-52D4-4BA5-A211-D30415593732}"
EndProject
Global
	GlobalSection(SolutionConfigurationPlatforms) = preSolution
		Debug|Any CPU = Debug|Any CPU
		Release|Any CPU = Release|Any CPU
	EndGlobalSection
	GlobalSection(ProjectConfigurationPlatforms) = postSolution
		{EE204038-52D4-4BA5-A211-D30415593732}.Debug|Any CPU.ActiveCfg = Debug|Any CPU
		{EE204038-52D4-4BA5-A211-D30415593732}.Debug|Any CPU.Build.0 = Debug|Any CPU
		{EE204038-52D4-4BA5-A211-D30415593732}.Release|Any CPU.ActiveCfg = Release|Any CPU
		{EE204038-52D4-4BA5-A211-D30415593732}.Release|Any CPU.Build.0 = Release|Any CPU
	EndGlobalSection
	GlobalSection(SolutionProperties) = preSolution
		HideSolutionNode = FALSE
	EndGlobalSection
	GlobalSection(ExtensibilityGlobals) = postSolution
		SolutionGuid = {4CDD4530-2123-4A42-B881-27F8C9B88474}
	EndGlobalSection
EndGlobal
